// !$*UTF8*$!
{
	archiveVersion = 1;
	classes = {
	};
	objectVersion = 77;
	objects = {

/* Begin PBXContainerItemProxy section */
		BB224EB92D1943FB000805FA /* PBXContainerItemProxy */ = {
			isa = PBXContainerItemProxy;
			containerPortal = BB224EA02D1943F7000805FA /* Project object */;
			proxyType = 1;
			remoteGlobalIDString = BB224EA72D1943F7000805FA;
			remoteInfo = ShesBetterResources;
		};
		BB224EC32D1943FB000805FA /* PBXContainerItemProxy */ = {
			isa = PBXContainerItemProxy;
			containerPortal = BB224EA02D1943F7000805FA /* Project object */;
			proxyType = 1;
			remoteGlobalIDString = BB224EA72D1943F7000805FA;
			remoteInfo = ShesBetterResources;
		};
/* End PBXContainerItemProxy section */

/* Begin PBXFileReference section */
		BB224EA82D1943F7000805FA /* ShesBetterResources.app */ = {isa = PBXFileReference; explicitFileType = wrapper.application; includeInIndex = 0; path = ShesBetterResources.app; sourceTree = BUILT_PRODUCTS_DIR; };
		BB224EB82D1943FB000805FA /* ShesBetterResourcesTests.xctest */ = {isa = PBXFileReference; explicitFileType = wrapper.cfbundle; includeInIndex = 0; path = ShesBetterResourcesTests.xctest; sourceTree = BUILT_PRODUCTS_DIR; };
		BB224EC22D1943FB000805FA /* ShesBetterResourcesUITests.xctest */ = {isa = PBXFileReference; explicitFileType = wrapper.cfbundle; includeInIndex = 0; path = ShesBetterResourcesUITests.xctest; sourceTree = BUILT_PRODUCTS_DIR; };
/* End PBXFileReference section */

/* Begin PBXFileSystemSynchronizedRootGroup section */
		BB224EAA2D1943F7000805FA /* ShesBetterResources */ = {
			isa = PBXFileSystemSynchronizedRootGroup;
			path = ShesBetterResources;
			sourceTree = "<group>";
		};
		BB224EBB2D1943FB000805FA /* ShesBetterResourcesTests */ = {
			isa = PBXFileSystemSynchronizedRootGroup;
			path = ShesBetterResourcesTests;
			sourceTree = "<group>";
		};
		BB224EC52D1943FB000805FA /* ShesBetterResourcesUITests */ = {
			isa = PBXFileSystemSynchronizedRootGroup;
			path = ShesBetterResourcesUITests;
			sourceTree = "<group>";
		};
/* End PBXFileSystemSynchronizedRootGroup section */

/* Begin PBXFrameworksBuildPhase section */
		BB224EA52D1943F7000805FA /* Frameworks */ = {
			isa = PBXFrameworksBuildPhase;
			buildActionMask = 2147483647;
			files = (
			);
			runOnlyForDeploymentPostprocessing = 0;
		};
		BB224EB52D1943FB000805FA /* Frameworks */ = {
			isa = PBXFrameworksBuildPhase;
			buildActionMask = 2147483647;
			files = (
			);
			runOnlyForDeploymentPostprocessing = 0;
		};
		BB224EBF2D1943FB000805FA /* Frameworks */ = {
			isa = PBXFrameworksBuildPhase;
			buildActionMask = 2147483647;
			files = (
			);
			runOnlyForDeploymentPostprocessing = 0;
		};
/* End PBXFrameworksBuildPhase section */

/* Begin PBXGroup section */
		BB224E9F2D1943F7000805FA = {
			isa = PBXGroup;
			children = (
				BB224EAA2D1943F7000805FA /* ShesBetterResources */,
				BB224EBB2D1943FB000805FA /* ShesBetterResourcesTests */,
				BB224EC52D1943FB000805FA /* ShesBetterResourcesUITests */,
				BB224EA92D1943F7000805FA /* Products */,
			);
			sourceTree = "<group>";
		};
		BB224EA92D1943F7000805FA /* Products */ = {
			isa = PBXGroup;
			children = (
				BB224EA82D1943F7000805FA /* ShesBetterResources.app */,
				BB224EB82D1943FB000805FA /* ShesBetterResourcesTests.xctest */,
				BB224EC22D1943FB000805FA /* ShesBetterResourcesUITests.xctest */,
			);
			name = Products;
			sourceTree = "<group>";
		};
/* End PBXGroup section */

/* Begin PBXNativeTarget section */
		BB224EA72D1943F7000805FA /* ShesBetterResources */ = {
			isa = PBXNativeTarget;
			buildConfigurationList = BB224ECC2D1943FB000805FA /* Build configuration list for PBXNativeTarget "ShesBetterResources" */;
			buildPhases = (
				BB224EA42D1943F7000805FA /* Sources */,
				BB224EA52D1943F7000805FA /* Frameworks */,
				BB224EA62D1943F7000805FA /* Resources */,
			);
			buildRules = (
			);
			dependencies = (
			);
			fileSystemSynchronizedGroups = (
				BB224EAA2D1943F7000805FA /* ShesBetterResources */,
			);
			name = ShesBetterResources;
			packageProductDependencies = (
			);
			productName = ShesBetterResources;
			productReference = BB224EA82D1943F7000805FA /* ShesBetterResources.app */;
			productType = "com.apple.product-type.application";
		};
		BB224EB72D1943FB000805FA /* ShesBetterResourcesTests */ = {
			isa = PBXNativeTarget;
			buildConfigurationList = BB224ECF2D1943FB000805FA /* Build configuration list for PBXNativeTarget "ShesBetterResourcesTests" */;
			buildPhases = (
				BB224EB42D1943FB000805FA /* Sources */,
				BB224EB52D1943FB000805FA /* Frameworks */,
				BB224EB62D1943FB000805FA /* Resources */,
			);
			buildRules = (
			);
			dependencies = (
				BB224EBA2D1943FB000805FA /* PBXTargetDependency */,
			);
			fileSystemSynchronizedGroups = (
				BB224EBB2D1943FB000805FA /* ShesBetterResourcesTests */,
			);
			name = ShesBetterResourcesTests;
			packageProductDependencies = (
			);
			productName = ShesBetterResourcesTests;
			productReference = BB224EB82D1943FB000805FA /* ShesBetterResourcesTests.xctest */;
			productType = "com.apple.product-type.bundle.unit-test";
		};
		BB224EC12D1943FB000805FA /* ShesBetterResourcesUITests */ = {
			isa = PBXNativeTarget;
			buildConfigurationList = BB224ED22D1943FB000805FA /* Build configuration list for PBXNativeTarget "ShesBetterResourcesUITests" */;
			buildPhases = (
				BB224EBE2D1943FB000805FA /* Sources */,
				BB224EBF2D1943FB000805FA /* Frameworks */,
				BB224EC02D1943FB000805FA /* Resources */,
			);
			buildRules = (
			);
			dependencies = (
				BB224EC42D1943FB000805FA /* PBXTargetDependency */,
			);
			fileSystemSynchronizedGroups = (
				BB224EC52D1943FB000805FA /* ShesBetterResourcesUITests */,
			);
			name = ShesBetterResourcesUITests;
			packageProductDependencies = (
			);
			productName = ShesBetterResourcesUITests;
			productReference = BB224EC22D1943FB000805FA /* ShesBetterResourcesUITests.xctest */;
			productType = "com.apple.product-type.bundle.ui-testing";
		};
/* End PBXNativeTarget section */

/* Begin PBXProject section */
		BB224EA02D1943F7000805FA /* Project object */ = {
			isa = PBXProject;
			attributes = {
				BuildIndependentTargetsInParallel = 1;
				LastSwiftUpdateCheck = 1620;
				LastUpgradeCheck = 1620;
				TargetAttributes = {
					BB224EA72D1943F7000805FA = {
						CreatedOnToolsVersion = 16.2;
					};
					BB224EB72D1943FB000805FA = {
						CreatedOnToolsVersion = 16.2;
						TestTargetID = BB224EA72D1943F7000805FA;
					};
					BB224EC12D1943FB000805FA = {
						CreatedOnToolsVersion = 16.2;
						TestTargetID = BB224EA72D1943F7000805FA;
					};
				};
			};
			buildConfigurationList = BB224EA32D1943F7000805FA /* Build configuration list for PBXProject "ShesBetterResources" */;
			developmentRegion = en;
			hasScannedForEncodings = 0;
			knownRegions = (
				en,
				Base,
			);
			mainGroup = BB224E9F2D1943F7000805FA;
			minimizedProjectReferenceProxies = 1;
			preferredProjectObjectVersion = 77;
			productRefGroup = BB224EA92D1943F7000805FA /* Products */;
			projectDirPath = "";
			projectRoot = "";
			targets = (
				BB224EA72D1943F7000805FA /* ShesBetterResources */,
				BB224EB72D1943FB000805FA /* ShesBetterResourcesTests */,
				BB224EC12D1943FB000805FA /* ShesBetterResourcesUITests */,
			);
		};
/* End PBXProject section */

/* Begin PBXResourcesBuildPhase section */
		BB224EA62D1943F7000805FA /* Resources */ = {
			isa = PBXResourcesBuildPhase;
			buildActionMask = 2147483647;
			files = (
			);
			runOnlyForDeploymentPostprocessing = 0;
		};
		BB224EB62D1943FB000805FA /* Resources */ = {
			isa = PBXResourcesBuildPhase;
			buildActionMask = 2147483647;
			files = (
			);
			runOnlyForDeploymentPostprocessing = 0;
		};
		BB224EC02D1943FB000805FA /* Resources */ = {
			isa = PBXResourcesBuildPhase;
			buildActionMask = 2147483647;
			files = (
			);
			runOnlyForDeploymentPostprocessing = 0;
		};
/* End PBXResourcesBuildPhase section */

/* Begin PBXSourcesBuildPhase section */
		BB224EA42D1943F7000805FA /* Sources */ = {
			isa = PBXSourcesBuildPhase;
			buildActionMask = 2147483647;
			files = (
			);
			runOnlyForDeploymentPostprocessing = 0;
		};
		BB224EB42D1943FB000805FA /* Sources */ = {
			isa = PBXSourcesBuildPhase;
			buildActionMask = 2147483647;
			files = (
			);
			runOnlyForDeploymentPostprocessing = 0;
		};
		BB224EBE2D1943FB000805FA /* Sources */ = {
			isa = PBXSourcesBuildPhase;
			buildActionMask = 2147483647;
			files = (
			);
			runOnlyForDeploymentPostprocessing = 0;
		};
/* End PBXSourcesBuildPhase section */

/* Begin PBXTargetDependency section */
		BB224EBA2D1943FB000805FA /* PBXTargetDependency */ = {
			isa = PBXTargetDependency;
			target = BB224EA72D1943F7000805FA /* ShesBetterResources */;
			targetProxy = BB224EB92D1943FB000805FA /* PBXContainerItemProxy */;
		};
		BB224EC42D1943FB000805FA /* PBXTargetDependency */ = {
			isa = PBXTargetDependency;
			target = BB224EA72D1943F7000805FA /* ShesBetterResources */;
			targetProxy = BB224EC32D1943FB000805FA /* PBXContainerItemProxy */;
		};
/* End PBXTargetDependency section */

/* Begin XCBuildConfiguration section */
		BB224ECA2D1943FB000805FA /* Debug */ = {
			isa = XCBuildConfiguration;
			buildSettings = {
				ALWAYS_SEARCH_USER_PATHS = NO;
				ASSETCATALOG_COMPILER_GENERATE_SWIFT_ASSET_SYMBOL_EXTENSIONS = YES;
				CLANG_ANALYZER_NONNULL = YES;
				CLANG_ANALYZER_NUMBER_OBJECT_CONVERSION = YES_AGGRESSIVE;
				CLANG_CXX_LANGUAGE_STANDARD = "gnu++20";
				CLANG_ENABLE_MODULES = YES;
				CLANG_ENABLE_OBJC_ARC = YES;
				CLANG_ENABLE_OBJC_WEAK = YES;
				CLANG_WARN_BLOCK_CAPTURE_AUTORELEASING = YES;
				CLANG_WARN_BOOL_CONVERSION = YES;
				CLANG_WARN_COMMA = YES;
				CLANG_WARN_CONSTANT_CONVERSION = YES;
				CLANG_WARN_DEPRECATED_OBJC_IMPLEMENTATIONS = YES;
				CLANG_WARN_DIRECT_OBJC_ISA_USAGE = YES_ERROR;
				CLANG_WARN_DOCUMENTATION_COMMENTS = YES;
				CLANG_WARN_EMPTY_BODY = YES;
				CLANG_WARN_ENUM_CONVERSION = YES;
				CLANG_WARN_INFINITE_RECURSION = YES;
				CLANG_WARN_INT_CONVERSION = YES;
				CLANG_WARN_NON_LITERAL_NULL_CONVERSION = YES;
				CLANG_WARN_OBJC_IMPLICIT_RETAIN_SELF = YES;
				CLANG_WARN_OBJC_LITERAL_CONVERSION = YES;
				CLANG_WARN_OBJC_ROOT_CLASS = YES_ERROR;
				CLANG_WARN_QUOTED_INCLUDE_IN_FRAMEWORK_HEADER = YES;
				CLANG_WARN_RANGE_LOOP_ANALYSIS = YES;
				CLANG_WARN_STRICT_PROTOTYPES = YES;
				CLANG_WARN_SUSPICIOUS_MOVE = YES;
				CLANG_WARN_UNGUARDED_AVAILABILITY = YES_AGGRESSIVE;
				CLANG_WARN_UNREACHABLE_CODE = YES;
				CLANG_WARN__DUPLICATE_METHOD_MATCH = YES;
				COPY_PHASE_STRIP = NO;
				DEBUG_INFORMATION_FORMAT = dwarf;
				ENABLE_STRICT_OBJC_MSGSEND = YES;
				ENABLE_TESTABILITY = YES;
				ENABLE_USER_SCRIPT_SANDBOXING = YES;
				GCC_C_LANGUAGE_STANDARD = gnu17;
				GCC_DYNAMIC_NO_PIC = NO;
				GCC_NO_COMMON_BLOCKS = YES;
				GCC_OPTIMIZATION_LEVEL = 0;
				GCC_PREPROCESSOR_DEFINITIONS = (
					"DEBUG=1",
					"$(inherited)",
				);
				GCC_WARN_64_TO_32_BIT_CONVERSION = YES;
				GCC_WARN_ABOUT_RETURN_TYPE = YES_ERROR;
				GCC_WARN_UNDECLARED_SELECTOR = YES;
				GCC_WARN_UNINITIALIZED_AUTOS = YES_AGGRESSIVE;
				GCC_WARN_UNUSED_FUNCTION = YES;
				GCC_WARN_UNUSED_VARIABLE = YES;
				IPHONEOS_DEPLOYMENT_TARGET = 18.2;
				LOCALIZATION_PREFERS_STRING_CATALOGS = YES;
				MTL_ENABLE_DEBUG_INFO = INCLUDE_SOURCE;
				MTL_FAST_MATH = YES;
				ONLY_ACTIVE_ARCH = YES;
				SDKROOT = iphoneos;
				SWIFT_ACTIVE_COMPILATION_CONDITIONS = "DEBUG $(inherited)";
				SWIFT_OPTIMIZATION_LEVEL = "-Onone";
			};
			name = Debug;
		};
		BB224ECB2D1943FB000805FA /* Release */ = {
			isa = XCBuildConfiguration;
			buildSettings = {
				ALWAYS_SEARCH_USER_PATHS = NO;
				ASSETCATALOG_COMPILER_GENERATE_SWIFT_ASSET_SYMBOL_EXTENSIONS = YES;
				CLANG_ANALYZER_NONNULL = YES;
				CLANG_ANALYZER_NUMBER_OBJECT_CONVERSION = YES_AGGRESSIVE;
				CLANG_CXX_LANGUAGE_STANDARD = "gnu++20";
				CLANG_ENABLE_MODULES = YES;
				CLANG_ENABLE_OBJC_ARC = YES;
				CLANG_ENABLE_OBJC_WEAK = YES;
				CLANG_WARN_BLOCK_CAPTURE_AUTORELEASING = YES;
				CLANG_WARN_BOOL_CONVERSION = YES;
				CLANG_WARN_COMMA = YES;
				CLANG_WARN_CONSTANT_CONVERSION = YES;
				CLANG_WARN_DEPRECATED_OBJC_IMPLEMENTATIONS = YES;
				CLANG_WARN_DIRECT_OBJC_ISA_USAGE = YES_ERROR;
				CLANG_WARN_DOCUMENTATION_COMMENTS = YES;
				CLANG_WARN_EMPTY_BODY = YES;
				CLANG_WARN_ENUM_CONVERSION = YES;
				CLANG_WARN_INFINITE_RECURSION = YES;
				CLANG_WARN_INT_CONVERSION = YES;
				CLANG_WARN_NON_LITERAL_NULL_CONVERSION = YES;
				CLANG_WARN_OBJC_IMPLICIT_RETAIN_SELF = YES;
				CLANG_WARN_OBJC_LITERAL_CONVERSION = YES;
				CLANG_WARN_OBJC_ROOT_CLASS = YES_ERROR;
				CLANG_WARN_QUOTED_INCLUDE_IN_FRAMEWORK_HEADER = YES;
				CLANG_WARN_RANGE_LOOP_ANALYSIS = YES;
				CLANG_WARN_STRICT_PROTOTYPES = YES;
				CLANG_WARN_SUSPICIOUS_MOVE = YES;
				CLANG_WARN_UNGUARDED_AVAILABILITY = YES_AGGRESSIVE;
				CLANG_WARN_UNREACHABLE_CODE = YES;
				CLANG_WARN__DUPLICATE_METHOD_MATCH = YES;
				COPY_PHASE_STRIP = NO;
				DEBUG_INFORMATION_FORMAT = "dwarf-with-dsym";
				ENABLE_NS_ASSERTIONS = NO;
				ENABLE_STRICT_OBJC_MSGSEND = YES;
				ENABLE_USER_SCRIPT_SANDBOXING = YES;
				GCC_C_LANGUAGE_STANDARD = gnu17;
				GCC_NO_COMMON_BLOCKS = YES;
				GCC_WARN_64_TO_32_BIT_CONVERSION = YES;
				GCC_WARN_ABOUT_RETURN_TYPE = YES_ERROR;
				GCC_WARN_UNDECLARED_SELECTOR = YES;
				GCC_WARN_UNINITIALIZED_AUTOS = YES_AGGRESSIVE;
				GCC_WARN_UNUSED_FUNCTION = YES;
				GCC_WARN_UNUSED_VARIABLE = YES;
				IPHONEOS_DEPLOYMENT_TARGET = 18.2;
				LOCALIZATION_PREFERS_STRING_CATALOGS = YES;
				MTL_ENABLE_DEBUG_INFO = NO;
				MTL_FAST_MATH = YES;
				SDKROOT = iphoneos;
				SWIFT_COMPILATION_MODE = wholemodule;
				VALIDATE_PRODUCT = YES;
			};
			name = Release;
		};
		BB224ECD2D1943FB000805FA /* Debug */ = {
			isa = XCBuildConfiguration;
			buildSettings = {
				ASSETCATALOG_COMPILER_APPICON_NAME = AppIcon;
				ASSETCATALOG_COMPILER_GLOBAL_ACCENT_COLOR_NAME = AccentColor;
				CODE_SIGN_STYLE = Automatic;
				CURRENT_PROJECT_VERSION = 1;
				DEVELOPMENT_ASSET_PATHS = "\"ShesBetterResources/Preview Content\"";
				DEVELOPMENT_TEAM = 59X4M9ZSZU;
				ENABLE_PREVIEWS = YES;
				GENERATE_INFOPLIST_FILE = YES;
				INFOPLIST_KEY_UIApplicationSceneManifest_Generation = YES;
				INFOPLIST_KEY_UIApplicationSupportsIndirectInputEvents = YES;
				INFOPLIST_KEY_UILaunchScreen_Generation = YES;
				INFOPLIST_KEY_UISupportedInterfaceOrientations_iPad = "UIInterfaceOrientationPortrait UIInterfaceOrientationPortraitUpsideDown UIInterfaceOrientationLandscapeLeft UIInterfaceOrientationLandscapeRight";
				INFOPLIST_KEY_UISupportedInterfaceOrientations_iPhone = "UIInterfaceOrientationPortrait UIInterfaceOrientationLandscapeLeft UIInterfaceOrientationLandscapeRight";
				LD_RUNPATH_SEARCH_PATHS = (
					"$(inherited)",
					"@executable_path/Frameworks",
				);
				MARKETING_VERSION = 1.0;
				PRODUCT_BUNDLE_IDENTIFIER = ac23185.ShesBetterResources;
				PRODUCT_NAME = "$(TARGET_NAME)";
				SWIFT_EMIT_LOC_STRINGS = YES;
				SWIFT_VERSION = 5.0;
				TARGETED_DEVICE_FAMILY = "1,2";
			};
			name = Debug;
		};
		BB224ECE2D1943FB000805FA /* Release */ = {
			isa = XCBuildConfiguration;
			buildSettings = {
				ASSETCATALOG_COMPILER_APPICON_NAME = AppIcon;
				ASSETCATALOG_COMPILER_GLOBAL_ACCENT_COLOR_NAME = AccentColor;
				CODE_SIGN_STYLE = Automatic;
				CURRENT_PROJECT_VERSION = 1;
				DEVELOPMENT_ASSET_PATHS = "\"ShesBetterResources/Preview Content\"";
				DEVELOPMENT_TEAM = 59X4M9ZSZU;
				ENABLE_PREVIEWS = YES;
				GENERATE_INFOPLIST_FILE = YES;
				INFOPLIST_KEY_UIApplicationSceneManifest_Generation = YES;
				INFOPLIST_KEY_UIApplicationSupportsIndirectInputEvents = YES;
				INFOPLIST_KEY_UILaunchScreen_Generation = YES;
				INFOPLIST_KEY_UISupportedInterfaceOrientations_iPad = "UIInterfaceOrientationPortrait UIInterfaceOrientationPortraitUpsideDown UIInterfaceOrientationLandscapeLeft UIInterfaceOrientationLandscapeRight";
				INFOPLIST_KEY_UISupportedInterfaceOrientations_iPhone = "UIInterfaceOrientationPortrait UIInterfaceOrientationLandscapeLeft UIInterfaceOrientationLandscapeRight";
				LD_RUNPATH_SEARCH_PATHS = (
					"$(inherited)",
					"@executable_path/Frameworks",
				);
				MARKETING_VERSION = 1.0;
				PRODUCT_BUNDLE_IDENTIFIER = ac23185.ShesBetterResources;
				PRODUCT_NAME = "$(TARGET_NAME)";
				SWIFT_EMIT_LOC_STRINGS = YES;
				SWIFT_VERSION = 5.0;
				TARGETED_DEVICE_FAMILY = "1,2";
			};
			name = Release;
		};
		BB224ED02D1943FB000805FA /* Debug */ = {
			isa = XCBuildConfiguration;
			buildSettings = {
				BUNDLE_LOADER = "$(TEST_HOST)";
				CODE_SIGN_STYLE = Automatic;
				CURRENT_PROJECT_VERSION = 1;
				DEVELOPMENT_TEAM = 59X4M9ZSZU;
				GENERATE_INFOPLIST_FILE = YES;
				IPHONEOS_DEPLOYMENT_TARGET = 18.2;
				MARKETING_VERSION = 1.0;
				PRODUCT_BUNDLE_IDENTIFIER = ac23185.ShesBetterResourcesTests;
				PRODUCT_NAME = "$(TARGET_NAME)";
				SWIFT_EMIT_LOC_STRINGS = NO;
				SWIFT_VERSION = 5.0;
				TARGETED_DEVICE_FAMILY = "1,2";
				TEST_HOST = "$(BUILT_PRODUCTS_DIR)/ShesBetterResources.app/$(BUNDLE_EXECUTABLE_FOLDER_PATH)/ShesBetterResources";
			};
			name = Debug;
		};
		BB224ED12D1943FB000805FA /* Release */ = {
			isa = XCBuildConfiguration;
			buildSettings = {
				BUNDLE_LOADER = "$(TEST_HOST)";
				CODE_SIGN_STYLE = Automatic;
				CURRENT_PROJECT_VERSION = 1;
				DEVELOPMENT_TEAM = 59X4M9ZSZU;
				GENERATE_INFOPLIST_FILE = YES;
				IPHONEOS_DEPLOYMENT_TARGET = 18.2;
				MARKETING_VERSION = 1.0;
				PRODUCT_BUNDLE_IDENTIFIER = ac23185.ShesBetterResourcesTests;
				PRODUCT_NAME = "$(TARGET_NAME)";
				SWIFT_EMIT_LOC_STRINGS = NO;
				SWIFT_VERSION = 5.0;
				TARGETED_DEVICE_FAMILY = "1,2";
				TEST_HOST = "$(BUILT_PRODUCTS_DIR)/ShesBetterResources.app/$(BUNDLE_EXECUTABLE_FOLDER_PATH)/ShesBetterResources";
			};
			name = Release;
		};
		BB224ED32D1943FB000805FA /* Debug */ = {
			isa = XCBuildConfiguration;
			buildSettings = {
				CODE_SIGN_STYLE = Automatic;
				CURRENT_PROJECT_VERSION = 1;
				DEVELOPMENT_TEAM = 59X4M9ZSZU;
				GENERATE_INFOPLIST_FILE = YES;
				MARKETING_VERSION = 1.0;
				PRODUCT_BUNDLE_IDENTIFIER = ac23185.ShesBetterResourcesUITests;
				PRODUCT_NAME = "$(TARGET_NAME)";
				SWIFT_EMIT_LOC_STRINGS = NO;
				SWIFT_VERSION = 5.0;
				TARGETED_DEVICE_FAMILY = "1,2";
				TEST_TARGET_NAME = ShesBetterResources;
			};
			name = Debug;
		};
		BB224ED42D1943FB000805FA /* Release */ = {
			isa = XCBuildConfiguration;
			buildSettings = {
				CODE_SIGN_STYLE = Automatic;
				CURRENT_PROJECT_VERSION = 1;
				DEVELOPMENT_TEAM = 59X4M9ZSZU;
				GENERATE_INFOPLIST_FILE = YES;
				MARKETING_VERSION = 1.0;
				PRODUCT_BUNDLE_IDENTIFIER = ac23185.ShesBetterResourcesUITests;
				PRODUCT_NAME = "$(TARGET_NAME)";
				SWIFT_EMIT_LOC_STRINGS = NO;
				SWIFT_VERSION = 5.0;
				TARGETED_DEVICE_FAMILY = "1,2";
				TEST_TARGET_NAME = ShesBetterResources;
			};
			name = Release;
		};
/* End XCBuildConfiguration section */

/* Begin XCConfigurationList section */
		BB224EA32D1943F7000805FA /* Build configuration list for PBXProject "ShesBetterResources" */ = {
			isa = XCConfigurationList;
			buildConfigurations = (
				BB224ECA2D1943FB000805FA /* Debug */,
				BB224ECB2D1943FB000805FA /* Release */,
			);
			defaultConfigurationIsVisible = 0;
			defaultConfigurationName = Release;
		};
		BB224ECC2D1943FB000805FA /* Build configuration list for PBXNativeTarget "ShesBetterResources" */ = {
			isa = XCConfigurationList;
			buildConfigurations = (
				BB224ECD2D1943FB000805FA /* Debug */,
				BB224ECE2D1943FB000805FA /* Release */,
			);
			defaultConfigurationIsVisible = 0;
			defaultConfigurationName = Release;
		};
		BB224ECF2D1943FB000805FA /* Build configuration list for PBXNativeTarget "ShesBetterResourcesTests" */ = {
			isa = XCConfigurationList;
			buildConfigurations = (
				BB224ED02D1943FB000805FA /* Debug */,
				BB224ED12D1943FB000805FA /* Release */,
			);
			defaultConfigurationIsVisible = 0;
			defaultConfigurationName = Release;
		};
		BB224ED22D1943FB000805FA /* Build configuration list for PBXNativeTarget "ShesBetterResourcesUITests" */ = {
			isa = XCConfigurationList;
			buildConfigurations = (
				BB224ED32D1943FB000805FA /* Debug */,
				BB224ED42D1943FB000805FA /* Release */,
			);
			defaultConfigurationIsVisible = 0;
			defaultConfigurationName = Release;
		};
/* End XCConfigurationList section */
	};
	rootObject = BB224EA02D1943F7000805FA /* Project object */;
}
