// !$*UTF8*$!
{
	archiveVersion = 1;
	classes = {
	};
	objectVersion = 77;
	objects = {

/* Begin PBXBuildFile section */
		BB224ED72D194610000805FA /* FirebaseAnalytics in Frameworks */ = {isa = PBXBuildFile; productRef = BB224ED62D194610000805FA /* FirebaseAnalytics */; };
		BB224ED92D194610000805FA /* FirebaseAnalyticsOnDeviceConversion in Frameworks */ = {isa = PBXBuildFile; productRef = BB224ED82D194610000805FA /* FirebaseAnalyticsOnDeviceConversion */; };
		BB224EDB2D194610000805FA /* FirebaseAnalyticsWithoutAdIdSupport in Frameworks */ = {isa = PBXBuildFile; productRef = BB224EDA2D194610000805FA /* FirebaseAnalyticsWithoutAdIdSupport */; };
		BB224EDD2D194610000805FA /* FirebaseAppCheck in Frameworks */ = {isa = PBXBuildFile; productRef = BB224EDC2D194610000805FA /* FirebaseAppCheck */; };
		BB224EDF2D194610000805FA /* FirebaseAppDistribution-Beta in Frameworks */ = {isa = PBXBuildFile; productRef = BB224EDE2D194610000805FA /* FirebaseAppDistribution-Beta */; };
		BB224EE12D194610000805FA /* FirebaseAuth in Frameworks */ = {isa = PBXBuildFile; productRef = BB224EE02D194610000805FA /* FirebaseAuth */; };
		BB224EE32D194610000805FA /* FirebaseAuthCombine-Community in Frameworks */ = {isa = PBXBuildFile; productRef = BB224EE22D194610000805FA /* FirebaseAuthCombine-Community */; };
		BB224EE52D194610000805FA /* FirebaseCore in Frameworks */ = {isa = PBXBuildFile; productRef = BB224EE42D194610000805FA /* FirebaseCore */; };
		BB224EE72D194610000805FA /* FirebaseCrashlytics in Frameworks */ = {isa = PBXBuildFile; productRef = BB224EE62D194610000805FA /* FirebaseCrashlytics */; };
		BB224EE92D194610000805FA /* FirebaseDatabase in Frameworks */ = {isa = PBXBuildFile; productRef = BB224EE82D194610000805FA /* FirebaseDatabase */; };
		BB224EEB2D194610000805FA /* FirebaseDynamicLinks in Frameworks */ = {isa = PBXBuildFile; productRef = BB224EEA2D194610000805FA /* FirebaseDynamicLinks */; };
		BB224EED2D194610000805FA /* FirebaseFirestore in Frameworks */ = {isa = PBXBuildFile; productRef = BB224EEC2D194610000805FA /* FirebaseFirestore */; };
		BB224EEF2D194610000805FA /* FirebaseFirestoreCombine-Community in Frameworks */ = {isa = PBXBuildFile; productRef = BB224EEE2D194610000805FA /* FirebaseFirestoreCombine-Community */; };
		BB224EF12D194610000805FA /* FirebaseFunctions in Frameworks */ = {isa = PBXBuildFile; productRef = BB224EF02D194610000805FA /* FirebaseFunctions */; };
		BB224EF32D194610000805FA /* FirebaseFunctionsCombine-Community in Frameworks */ = {isa = PBXBuildFile; productRef = BB224EF22D194610000805FA /* FirebaseFunctionsCombine-Community */; };
		BB224EF52D194610000805FA /* FirebaseInAppMessaging-Beta in Frameworks */ = {isa = PBXBuildFile; productRef = BB224EF42D194610000805FA /* FirebaseInAppMessaging-Beta */; };
		BB224EF72D194610000805FA /* FirebaseInstallations in Frameworks */ = {isa = PBXBuildFile; productRef = BB224EF62D194610000805FA /* FirebaseInstallations */; };
		BB224EF92D194610000805FA /* FirebaseMLModelDownloader in Frameworks */ = {isa = PBXBuildFile; productRef = BB224EF82D194610000805FA /* FirebaseMLModelDownloader */; };
		BB224EFB2D194610000805FA /* FirebaseMessaging in Frameworks */ = {isa = PBXBuildFile; productRef = BB224EFA2D194610000805FA /* FirebaseMessaging */; };
		BB224EFD2D194610000805FA /* FirebasePerformance in Frameworks */ = {isa = PBXBuildFile; productRef = BB224EFC2D194610000805FA /* FirebasePerformance */; };
		BB224EFF2D194610000805FA /* FirebaseRemoteConfig in Frameworks */ = {isa = PBXBuildFile; productRef = BB224EFE2D194610000805FA /* FirebaseRemoteConfig */; };
		BB224F012D194610000805FA /* FirebaseStorage in Frameworks */ = {isa = PBXBuildFile; productRef = BB224F002D194610000805FA /* FirebaseStorage */; };
		BB224F032D194610000805FA /* FirebaseStorageCombine-Community in Frameworks */ = {isa = PBXBuildFile; productRef = BB224F022D194610000805FA /* FirebaseStorageCombine-Community */; };
		BB224F052D194610000805FA /* FirebaseVertexAI in Frameworks */ = {isa = PBXBuildFile; productRef = BB224F042D194610000805FA /* FirebaseVertexAI */; };
/* End PBXBuildFile section */

/* Begin PBXContainerItemProxy section */
		BB224EB92D1943FB000805FA /* PBXContainerItemProxy */ = {
			isa = PBXContainerItemProxy;
			containerPortal = BB224EA02D1943F7000805FA /* Project object */;
			proxyType = 1;
			remoteGlobalIDString = BB224EA72D1943F7000805FA;
			remoteInfo = ShesBetterResources;
		};
		BB224EC32D1943FB000805FA /* PBXContainerItemProxy */ = {
			isa = PBXContainerItemProxy;
			containerPortal = BB224EA02D1943F7000805FA /* Project object */;
			proxyType = 1;
			remoteGlobalIDString = BB224EA72D1943F7000805FA;
			remoteInfo = ShesBetterResources;
		};
/* End PBXContainerItemProxy section */

/* Begin PBXFileReference section */
		BB224EA82D1943F7000805FA /* ShesBetterResources.app */ = {isa = PBXFileReference; explicitFileType = wrapper.application; includeInIndex = 0; path = ShesBetterResources.app; sourceTree = BUILT_PRODUCTS_DIR; };
		BB224EB82D1943FB000805FA /* ShesBetterResourcesTests.xctest */ = {isa = PBXFileReference; explicitFileType = wrapper.cfbundle; includeInIndex = 0; path = ShesBetterResourcesTests.xctest; sourceTree = BUILT_PRODUCTS_DIR; };
		BB224EC22D1943FB000805FA /* ShesBetterResourcesUITests.xctest */ = {isa = PBXFileReference; explicitFileType = wrapper.cfbundle; includeInIndex = 0; path = ShesBetterResourcesUITests.xctest; sourceTree = BUILT_PRODUCTS_DIR; };
/* End PBXFileReference section */

/* Begin PBXFileSystemSynchronizedRootGroup section */
		BB224EAA2D1943F7000805FA /* ShesBetterResources */ = {
			isa = PBXFileSystemSynchronizedRootGroup;
			path = ShesBetterResources;
			sourceTree = "<group>";
		};
		BB224EBB2D1943FB000805FA /* ShesBetterResourcesTests */ = {
			isa = PBXFileSystemSynchronizedRootGroup;
			path = ShesBetterResourcesTests;
			sourceTree = "<group>";
		};
		BB224EC52D1943FB000805FA /* ShesBetterResourcesUITests */ = {
			isa = PBXFileSystemSynchronizedRootGroup;
			path = ShesBetterResourcesUITests;
			sourceTree = "<group>";
		};
/* End PBXFileSystemSynchronizedRootGroup section */

/* Begin PBXFrameworksBuildPhase section */
		BB224EA52D1943F7000805FA /* Frameworks */ = {
			isa = PBXFrameworksBuildPhase;
			buildActionMask = 2147483647;
			files = (
				BB224EEF2D194610000805FA /* FirebaseFirestoreCombine-Community in Frameworks */,
				BB224F052D194610000805FA /* FirebaseVertexAI in Frameworks */,
				BB224EF12D194610000805FA /* FirebaseFunctions in Frameworks */,
				BB224EFD2D194610000805FA /* FirebasePerformance in Frameworks */,
				BB224F032D194610000805FA /* FirebaseStorageCombine-Community in Frameworks */,
				BB224EFF2D194610000805FA /* FirebaseRemoteConfig in Frameworks */,
				BB224EE92D194610000805FA /* FirebaseDatabase in Frameworks */,
				BB224EEB2D194610000805FA /* FirebaseDynamicLinks in Frameworks */,
				BB224EDD2D194610000805FA /* FirebaseAppCheck in Frameworks */,
				BB224EE12D194610000805FA /* FirebaseAuth in Frameworks */,
				BB224ED72D194610000805FA /* FirebaseAnalytics in Frameworks */,
				BB224EED2D194610000805FA /* FirebaseFirestore in Frameworks */,
				BB224EFB2D194610000805FA /* FirebaseMessaging in Frameworks */,
				BB224EF72D194610000805FA /* FirebaseInstallations in Frameworks */,
				BB224EF32D194610000805FA /* FirebaseFunctionsCombine-Community in Frameworks */,
				BB224EDF2D194610000805FA /* FirebaseAppDistribution-Beta in Frameworks */,
				BB224EDB2D194610000805FA /* FirebaseAnalyticsWithoutAdIdSupport in Frameworks */,
				BB224EF52D194610000805FA /* FirebaseInAppMessaging-Beta in Frameworks */,
				BB224EE32D194610000805FA /* FirebaseAuthCombine-Community in Frameworks */,
				BB224EE72D194610000805FA /* FirebaseCrashlytics in Frameworks */,
				BB224EF92D194610000805FA /* FirebaseMLModelDownloader in Frameworks */,
				BB224F012D194610000805FA /* FirebaseStorage in Frameworks */,
				BB224EE52D194610000805FA /* FirebaseCore in Frameworks */,
				BB224ED92D194610000805FA /* FirebaseAnalyticsOnDeviceConversion in Frameworks */,
			);
			runOnlyForDeploymentPostprocessing = 0;
		};
		BB224EB52D1943FB000805FA /* Frameworks */ = {
			isa = PBXFrameworksBuildPhase;
			buildActionMask = 2147483647;
			files = (
			);
			runOnlyForDeploymentPostprocessing = 0;
		};
		BB224EBF2D1943FB000805FA /* Frameworks */ = {
			isa = PBXFrameworksBuildPhase;
			buildActionMask = 2147483647;
			files = (
			);
			runOnlyForDeploymentPostprocessing = 0;
		};
/* End PBXFrameworksBuildPhase section */

/* Begin PBXGroup section */
		BB224E9F2D1943F7000805FA = {
			isa = PBXGroup;
			children = (
				BB224EAA2D1943F7000805FA /* ShesBetterResources */,
				BB224EBB2D1943FB000805FA /* ShesBetterResourcesTests */,
				BB224EC52D1943FB000805FA /* ShesBetterResourcesUITests */,
				BB224EA92D1943F7000805FA /* Products */,
			);
			sourceTree = "<group>";
		};
		BB224EA92D1943F7000805FA /* Products */ = {
			isa = PBXGroup;
			children = (
				BB224EA82D1943F7000805FA /* ShesBetterResources.app */,
				BB224EB82D1943FB000805FA /* ShesBetterResourcesTests.xctest */,
				BB224EC22D1943FB000805FA /* ShesBetterResourcesUITests.xctest */,
			);
			name = Products;
			sourceTree = "<group>";
		};
/* End PBXGroup section */

/* Begin PBXNativeTarget section */
		BB224EA72D1943F7000805FA /* ShesBetterResources */ = {
			isa = PBXNativeTarget;
			buildConfigurationList = BB224ECC2D1943FB000805FA /* Build configuration list for PBXNativeTarget "ShesBetterResources" */;
			buildPhases = (
				BB224EA42D1943F7000805FA /* Sources */,
				BB224EA52D1943F7000805FA /* Frameworks */,
				BB224EA62D1943F7000805FA /* Resources */,
			);
			buildRules = (
			);
			dependencies = (
				BB224F092D19469B000805FA /* PBXTargetDependency */,
				BB224F0B2D19469B000805FA /* PBXTargetDependency */,
				BB224F0D2D19469B000805FA /* PBXTargetDependency */,
				BB224F0F2D19469B000805FA /* PBXTargetDependency */,
				BB224F112D19469B000805FA /* PBXTargetDependency */,
				BB224F132D19469B000805FA /* PBXTargetDependency */,
				BB224F152D19469B000805FA /* PBXTargetDependency */,
				BB224F172D19469B000805FA /* PBXTargetDependency */,
				BB224F192D19469B000805FA /* PBXTargetDependency */,
				BB224F1B2D19469B000805FA /* PBXTargetDependency */,
				BB224F1D2D19469B000805FA /* PBXTargetDependency */,
				BB224F1F2D19469B000805FA /* PBXTargetDependency */,
				BB224F212D19469B000805FA /* PBXTargetDependency */,
				BB224F232D19469B000805FA /* PBXTargetDependency */,
				BB224F252D19469B000805FA /* PBXTargetDependency */,
				BB224F272D19469B000805FA /* PBXTargetDependency */,
				BB224F292D19469B000805FA /* PBXTargetDependency */,
				BB224F2B2D19469B000805FA /* PBXTargetDependency */,
				BB224F2D2D19469B000805FA /* PBXTargetDependency */,
				BB224F2F2D19469B000805FA /* PBXTargetDependency */,
				BB224F312D19469B000805FA /* PBXTargetDependency */,
				BB224F332D19469B000805FA /* PBXTargetDependency */,
				BB224F352D19469B000805FA /* PBXTargetDependency */,
				BB224F372D19469B000805FA /* PBXTargetDependency */,
			);
			fileSystemSynchronizedGroups = (
				BB224EAA2D1943F7000805FA /* ShesBetterResources */,
			);
			name = ShesBetterResources;
			packageProductDependencies = (
				BB224ED62D194610000805FA /* FirebaseAnalytics */,
				BB224ED82D194610000805FA /* FirebaseAnalyticsOnDeviceConversion */,
				BB224EDA2D194610000805FA /* FirebaseAnalyticsWithoutAdIdSupport */,
				BB224EDC2D194610000805FA /* FirebaseAppCheck */,
				BB224EDE2D194610000805FA /* FirebaseAppDistribution-Beta */,
				BB224EE02D194610000805FA /* FirebaseAuth */,
				BB224EE22D194610000805FA /* FirebaseAuthCombine-Community */,
				BB224EE42D194610000805FA /* FirebaseCore */,
				BB224EE62D194610000805FA /* FirebaseCrashlytics */,
				BB224EE82D194610000805FA /* FirebaseDatabase */,
				BB224EEA2D194610000805FA /* FirebaseDynamicLinks */,
				BB224EEC2D194610000805FA /* FirebaseFirestore */,
				BB224EEE2D194610000805FA /* FirebaseFirestoreCombine-Community */,
				BB224EF02D194610000805FA /* FirebaseFunctions */,
				BB224EF22D194610000805FA /* FirebaseFunctionsCombine-Community */,
				BB224EF42D194610000805FA /* FirebaseInAppMessaging-Beta */,
				BB224EF62D194610000805FA /* FirebaseInstallations */,
				BB224EF82D194610000805FA /* FirebaseMLModelDownloader */,
				BB224EFA2D194610000805FA /* FirebaseMessaging */,
				BB224EFC2D194610000805FA /* FirebasePerformance */,
				BB224EFE2D194610000805FA /* FirebaseRemoteConfig */,
				BB224F002D194610000805FA /* FirebaseStorage */,
				BB224F022D194610000805FA /* FirebaseStorageCombine-Community */,
				BB224F042D194610000805FA /* FirebaseVertexAI */,
			);
			productName = ShesBetterResources;
			productReference = BB224EA82D1943F7000805FA /* ShesBetterResources.app */;
			productType = "com.apple.product-type.application";
		};
		BB224EB72D1943FB000805FA /* ShesBetterResourcesTests */ = {
			isa = PBXNativeTarget;
			buildConfigurationList = BB224ECF2D1943FB000805FA /* Build configuration list for PBXNativeTarget "ShesBetterResourcesTests" */;
			buildPhases = (
				BB224EB42D1943FB000805FA /* Sources */,
				BB224EB52D1943FB000805FA /* Frameworks */,
				BB224EB62D1943FB000805FA /* Resources */,
			);
			buildRules = (
			);
			dependencies = (
				BB224EBA2D1943FB000805FA /* PBXTargetDependency */,
			);
			fileSystemSynchronizedGroups = (
				BB224EBB2D1943FB000805FA /* ShesBetterResourcesTests */,
			);
			name = ShesBetterResourcesTests;
			packageProductDependencies = (
			);
			productName = ShesBetterResourcesTests;
			productReference = BB224EB82D1943FB000805FA /* ShesBetterResourcesTests.xctest */;
			productType = "com.apple.product-type.bundle.unit-test";
		};
		BB224EC12D1943FB000805FA /* ShesBetterResourcesUITests */ = {
			isa = PBXNativeTarget;
			buildConfigurationList = BB224ED22D1943FB000805FA /* Build configuration list for PBXNativeTarget "ShesBetterResourcesUITests" */;
			buildPhases = (
				BB224EBE2D1943FB000805FA /* Sources */,
				BB224EBF2D1943FB000805FA /* Frameworks */,
				BB224EC02D1943FB000805FA /* Resources */,
			);
			buildRules = (
			);
			dependencies = (
				BB224EC42D1943FB000805FA /* PBXTargetDependency */,
			);
			fileSystemSynchronizedGroups = (
				BB224EC52D1943FB000805FA /* ShesBetterResourcesUITests */,
			);
			name = ShesBetterResourcesUITests;
			packageProductDependencies = (
			);
			productName = ShesBetterResourcesUITests;
			productReference = BB224EC22D1943FB000805FA /* ShesBetterResourcesUITests.xctest */;
			productType = "com.apple.product-type.bundle.ui-testing";
		};
/* End PBXNativeTarget section */

/* Begin PBXProject section */
		BB224EA02D1943F7000805FA /* Project object */ = {
			isa = PBXProject;
			attributes = {
				BuildIndependentTargetsInParallel = 1;
				LastSwiftUpdateCheck = 1620;
				LastUpgradeCheck = 1620;
				TargetAttributes = {
					BB224EA72D1943F7000805FA = {
						CreatedOnToolsVersion = 16.2;
					};
					BB224EB72D1943FB000805FA = {
						CreatedOnToolsVersion = 16.2;
						TestTargetID = BB224EA72D1943F7000805FA;
					};
					BB224EC12D1943FB000805FA = {
						CreatedOnToolsVersion = 16.2;
						TestTargetID = BB224EA72D1943F7000805FA;
					};
				};
			};
			buildConfigurationList = BB224EA32D1943F7000805FA /* Build configuration list for PBXProject "ShesBetterResources" */;
			developmentRegion = en;
			hasScannedForEncodings = 0;
			knownRegions = (
				en,
				Base,
			);
			mainGroup = BB224E9F2D1943F7000805FA;
			minimizedProjectReferenceProxies = 1;
			packageReferences = (
				BB224ED52D194610000805FA /* XCRemoteSwiftPackageReference "firebase-ios-sdk" */,
			);
			preferredProjectObjectVersion = 77;
			productRefGroup = BB224EA92D1943F7000805FA /* Products */;
			projectDirPath = "";
			projectRoot = "";
			targets = (
				BB224EA72D1943F7000805FA /* ShesBetterResources */,
				BB224EB72D1943FB000805FA /* ShesBetterResourcesTests */,
				BB224EC12D1943FB000805FA /* ShesBetterResourcesUITests */,
			);
		};
/* End PBXProject section */

/* Begin PBXResourcesBuildPhase section */
		BB224EA62D1943F7000805FA /* Resources */ = {
			isa = PBXResourcesBuildPhase;
			buildActionMask = 2147483647;
			files = (
			);
			runOnlyForDeploymentPostprocessing = 0;
		};
		BB224EB62D1943FB000805FA /* Resources */ = {
			isa = PBXResourcesBuildPhase;
			buildActionMask = 2147483647;
			files = (
			);
			runOnlyForDeploymentPostprocessing = 0;
		};
		BB224EC02D1943FB000805FA /* Resources */ = {
			isa = PBXResourcesBuildPhase;
			buildActionMask = 2147483647;
			files = (
			);
			runOnlyForDeploymentPostprocessing = 0;
		};
/* End PBXResourcesBuildPhase section */

/* Begin PBXSourcesBuildPhase section */
		BB224EA42D1943F7000805FA /* Sources */ = {
			isa = PBXSourcesBuildPhase;
			buildActionMask = 2147483647;
			files = (
			);
			runOnlyForDeploymentPostprocessing = 0;
		};
		BB224EB42D1943FB000805FA /* Sources */ = {
			isa = PBXSourcesBuildPhase;
			buildActionMask = 2147483647;
			files = (
			);
			runOnlyForDeploymentPostprocessing = 0;
		};
		BB224EBE2D1943FB000805FA /* Sources */ = {
			isa = PBXSourcesBuildPhase;
			buildActionMask = 2147483647;
			files = (
			);
			runOnlyForDeploymentPostprocessing = 0;
		};
/* End PBXSourcesBuildPhase section */

/* Begin PBXTargetDependency section */
		BB224EBA2D1943FB000805FA /* PBXTargetDependency */ = {
			isa = PBXTargetDependency;
			target = BB224EA72D1943F7000805FA /* ShesBetterResources */;
			targetProxy = BB224EB92D1943FB000805FA /* PBXContainerItemProxy */;
		};
		BB224EC42D1943FB000805FA /* PBXTargetDependency */ = {
			isa = PBXTargetDependency;
			target = BB224EA72D1943F7000805FA /* ShesBetterResources */;
			targetProxy = BB224EC32D1943FB000805FA /* PBXContainerItemProxy */;
		};
		BB224F092D19469B000805FA /* PBXTargetDependency */ = {
			isa = PBXTargetDependency;
			productRef = BB224F082D19469B000805FA /* FirebaseAnalytics */;
		};
		BB224F0B2D19469B000805FA /* PBXTargetDependency */ = {
			isa = PBXTargetDependency;
			productRef = BB224F0A2D19469B000805FA /* FirebaseAnalyticsOnDeviceConversion */;
		};
		BB224F0D2D19469B000805FA /* PBXTargetDependency */ = {
			isa = PBXTargetDependency;
			productRef = BB224F0C2D19469B000805FA /* FirebaseAnalyticsWithoutAdIdSupport */;
		};
		BB224F0F2D19469B000805FA /* PBXTargetDependency */ = {
			isa = PBXTargetDependency;
			productRef = BB224F0E2D19469B000805FA /* FirebaseAppCheck */;
		};
		BB224F112D19469B000805FA /* PBXTargetDependency */ = {
			isa = PBXTargetDependency;
			productRef = BB224F102D19469B000805FA /* FirebaseAppDistribution-Beta */;
		};
		BB224F132D19469B000805FA /* PBXTargetDependency */ = {
			isa = PBXTargetDependency;
			productRef = BB224F122D19469B000805FA /* FirebaseAuth */;
		};
		BB224F152D19469B000805FA /* PBXTargetDependency */ = {
			isa = PBXTargetDependency;
			productRef = BB224F142D19469B000805FA /* FirebaseAuthCombine-Community */;
		};
		BB224F172D19469B000805FA /* PBXTargetDependency */ = {
			isa = PBXTargetDependency;
			productRef = BB224F162D19469B000805FA /* FirebaseCore */;
		};
		BB224F192D19469B000805FA /* PBXTargetDependency */ = {
			isa = PBXTargetDependency;
			productRef = BB224F182D19469B000805FA /* FirebaseCrashlytics */;
		};
		BB224F1B2D19469B000805FA /* PBXTargetDependency */ = {
			isa = PBXTargetDependency;
			productRef = BB224F1A2D19469B000805FA /* FirebaseDatabase */;
		};
		BB224F1D2D19469B000805FA /* PBXTargetDependency */ = {
			isa = PBXTargetDependency;
			productRef = BB224F1C2D19469B000805FA /* FirebaseDynamicLinks */;
		};
		BB224F1F2D19469B000805FA /* PBXTargetDependency */ = {
			isa = PBXTargetDependency;
			productRef = BB224F1E2D19469B000805FA /* FirebaseFirestore */;
		};
		BB224F212D19469B000805FA /* PBXTargetDependency */ = {
			isa = PBXTargetDependency;
			productRef = BB224F202D19469B000805FA /* FirebaseFirestoreCombine-Community */;
		};
		BB224F232D19469B000805FA /* PBXTargetDependency */ = {
			isa = PBXTargetDependency;
			productRef = BB224F222D19469B000805FA /* FirebaseFunctions */;
		};
		BB224F252D19469B000805FA /* PBXTargetDependency */ = {
			isa = PBXTargetDependency;
			productRef = BB224F242D19469B000805FA /* FirebaseFunctionsCombine-Community */;
		};
		BB224F272D19469B000805FA /* PBXTargetDependency */ = {
			isa = PBXTargetDependency;
			productRef = BB224F262D19469B000805FA /* FirebaseInAppMessaging-Beta */;
		};
		BB224F292D19469B000805FA /* PBXTargetDependency */ = {
			isa = PBXTargetDependency;
			productRef = BB224F282D19469B000805FA /* FirebaseInstallations */;
		};
		BB224F2B2D19469B000805FA /* PBXTargetDependency */ = {
			isa = PBXTargetDependency;
			productRef = BB224F2A2D19469B000805FA /* FirebaseMLModelDownloader */;
		};
		BB224F2D2D19469B000805FA /* PBXTargetDependency */ = {
			isa = PBXTargetDependency;
			productRef = BB224F2C2D19469B000805FA /* FirebaseMessaging */;
		};
		BB224F2F2D19469B000805FA /* PBXTargetDependency */ = {
			isa = PBXTargetDependency;
			productRef = BB224F2E2D19469B000805FA /* FirebasePerformance */;
		};
		BB224F312D19469B000805FA /* PBXTargetDependency */ = {
			isa = PBXTargetDependency;
			productRef = BB224F302D19469B000805FA /* FirebaseRemoteConfig */;
		};
		BB224F332D19469B000805FA /* PBXTargetDependency */ = {
			isa = PBXTargetDependency;
			productRef = BB224F322D19469B000805FA /* FirebaseStorage */;
		};
		BB224F352D19469B000805FA /* PBXTargetDependency */ = {
			isa = PBXTargetDependency;
			productRef = BB224F342D19469B000805FA /* FirebaseStorageCombine-Community */;
		};
		BB224F372D19469B000805FA /* PBXTargetDependency */ = {
			isa = PBXTargetDependency;
			productRef = BB224F362D19469B000805FA /* FirebaseVertexAI */;
		};
/* End PBXTargetDependency section */

/* Begin XCBuildConfiguration section */
		BB224ECA2D1943FB000805FA /* Debug */ = {
			isa = XCBuildConfiguration;
			buildSettings = {
				ALWAYS_SEARCH_USER_PATHS = NO;
				ASSETCATALOG_COMPILER_GENERATE_SWIFT_ASSET_SYMBOL_EXTENSIONS = YES;
				CLANG_ANALYZER_NONNULL = YES;
				CLANG_ANALYZER_NUMBER_OBJECT_CONVERSION = YES_AGGRESSIVE;
				CLANG_CXX_LANGUAGE_STANDARD = "gnu++20";
				CLANG_ENABLE_MODULES = YES;
				CLANG_ENABLE_OBJC_ARC = YES;
				CLANG_ENABLE_OBJC_WEAK = YES;
				CLANG_WARN_BLOCK_CAPTURE_AUTORELEASING = YES;
				CLANG_WARN_BOOL_CONVERSION = YES;
				CLANG_WARN_COMMA = YES;
				CLANG_WARN_CONSTANT_CONVERSION = YES;
				CLANG_WARN_DEPRECATED_OBJC_IMPLEMENTATIONS = YES;
				CLANG_WARN_DIRECT_OBJC_ISA_USAGE = YES_ERROR;
				CLANG_WARN_DOCUMENTATION_COMMENTS = YES;
				CLANG_WARN_EMPTY_BODY = YES;
				CLANG_WARN_ENUM_CONVERSION = YES;
				CLANG_WARN_INFINITE_RECURSION = YES;
				CLANG_WARN_INT_CONVERSION = YES;
				CLANG_WARN_NON_LITERAL_NULL_CONVERSION = YES;
				CLANG_WARN_OBJC_IMPLICIT_RETAIN_SELF = YES;
				CLANG_WARN_OBJC_LITERAL_CONVERSION = YES;
				CLANG_WARN_OBJC_ROOT_CLASS = YES_ERROR;
				CLANG_WARN_QUOTED_INCLUDE_IN_FRAMEWORK_HEADER = YES;
				CLANG_WARN_RANGE_LOOP_ANALYSIS = YES;
				CLANG_WARN_STRICT_PROTOTYPES = YES;
				CLANG_WARN_SUSPICIOUS_MOVE = YES;
				CLANG_WARN_UNGUARDED_AVAILABILITY = YES_AGGRESSIVE;
				CLANG_WARN_UNREACHABLE_CODE = YES;
				CLANG_WARN__DUPLICATE_METHOD_MATCH = YES;
				COPY_PHASE_STRIP = NO;
				DEBUG_INFORMATION_FORMAT = dwarf;
				ENABLE_STRICT_OBJC_MSGSEND = YES;
				ENABLE_TESTABILITY = YES;
				ENABLE_USER_SCRIPT_SANDBOXING = YES;
				GCC_C_LANGUAGE_STANDARD = gnu17;
				GCC_DYNAMIC_NO_PIC = NO;
				GCC_NO_COMMON_BLOCKS = YES;
				GCC_OPTIMIZATION_LEVEL = 0;
				GCC_PREPROCESSOR_DEFINITIONS = (
					"DEBUG=1",
					"$(inherited)",
				);
				GCC_WARN_64_TO_32_BIT_CONVERSION = YES;
				GCC_WARN_ABOUT_RETURN_TYPE = YES_ERROR;
				GCC_WARN_UNDECLARED_SELECTOR = YES;
				GCC_WARN_UNINITIALIZED_AUTOS = YES_AGGRESSIVE;
				GCC_WARN_UNUSED_FUNCTION = YES;
				GCC_WARN_UNUSED_VARIABLE = YES;
				IPHONEOS_DEPLOYMENT_TARGET = 18.2;
				LOCALIZATION_PREFERS_STRING_CATALOGS = YES;
				MTL_ENABLE_DEBUG_INFO = INCLUDE_SOURCE;
				MTL_FAST_MATH = YES;
				ONLY_ACTIVE_ARCH = YES;
				SDKROOT = iphoneos;
				SWIFT_ACTIVE_COMPILATION_CONDITIONS = "DEBUG $(inherited)";
				SWIFT_OPTIMIZATION_LEVEL = "-Onone";
			};
			name = Debug;
		};
		BB224ECB2D1943FB000805FA /* Release */ = {
			isa = XCBuildConfiguration;
			buildSettings = {
				ALWAYS_SEARCH_USER_PATHS = NO;
				ASSETCATALOG_COMPILER_GENERATE_SWIFT_ASSET_SYMBOL_EXTENSIONS = YES;
				CLANG_ANALYZER_NONNULL = YES;
				CLANG_ANALYZER_NUMBER_OBJECT_CONVERSION = YES_AGGRESSIVE;
				CLANG_CXX_LANGUAGE_STANDARD = "gnu++20";
				CLANG_ENABLE_MODULES = YES;
				CLANG_ENABLE_OBJC_ARC = YES;
				CLANG_ENABLE_OBJC_WEAK = YES;
				CLANG_WARN_BLOCK_CAPTURE_AUTORELEASING = YES;
				CLANG_WARN_BOOL_CONVERSION = YES;
				CLANG_WARN_COMMA = YES;
				CLANG_WARN_CONSTANT_CONVERSION = YES;
				CLANG_WARN_DEPRECATED_OBJC_IMPLEMENTATIONS = YES;
				CLANG_WARN_DIRECT_OBJC_ISA_USAGE = YES_ERROR;
				CLANG_WARN_DOCUMENTATION_COMMENTS = YES;
				CLANG_WARN_EMPTY_BODY = YES;
				CLANG_WARN_ENUM_CONVERSION = YES;
				CLANG_WARN_INFINITE_RECURSION = YES;
				CLANG_WARN_INT_CONVERSION = YES;
				CLANG_WARN_NON_LITERAL_NULL_CONVERSION = YES;
				CLANG_WARN_OBJC_IMPLICIT_RETAIN_SELF = YES;
				CLANG_WARN_OBJC_LITERAL_CONVERSION = YES;
				CLANG_WARN_OBJC_ROOT_CLASS = YES_ERROR;
				CLANG_WARN_QUOTED_INCLUDE_IN_FRAMEWORK_HEADER = YES;
				CLANG_WARN_RANGE_LOOP_ANALYSIS = YES;
				CLANG_WARN_STRICT_PROTOTYPES = YES;
				CLANG_WARN_SUSPICIOUS_MOVE = YES;
				CLANG_WARN_UNGUARDED_AVAILABILITY = YES_AGGRESSIVE;
				CLANG_WARN_UNREACHABLE_CODE = YES;
				CLANG_WARN__DUPLICATE_METHOD_MATCH = YES;
				COPY_PHASE_STRIP = NO;
				DEBUG_INFORMATION_FORMAT = "dwarf-with-dsym";
				ENABLE_NS_ASSERTIONS = NO;
				ENABLE_STRICT_OBJC_MSGSEND = YES;
				ENABLE_USER_SCRIPT_SANDBOXING = YES;
				GCC_C_LANGUAGE_STANDARD = gnu17;
				GCC_NO_COMMON_BLOCKS = YES;
				GCC_WARN_64_TO_32_BIT_CONVERSION = YES;
				GCC_WARN_ABOUT_RETURN_TYPE = YES_ERROR;
				GCC_WARN_UNDECLARED_SELECTOR = YES;
				GCC_WARN_UNINITIALIZED_AUTOS = YES_AGGRESSIVE;
				GCC_WARN_UNUSED_FUNCTION = YES;
				GCC_WARN_UNUSED_VARIABLE = YES;
				IPHONEOS_DEPLOYMENT_TARGET = 18.2;
				LOCALIZATION_PREFERS_STRING_CATALOGS = YES;
				MTL_ENABLE_DEBUG_INFO = NO;
				MTL_FAST_MATH = YES;
				SDKROOT = iphoneos;
				SWIFT_COMPILATION_MODE = wholemodule;
				VALIDATE_PRODUCT = YES;
			};
			name = Release;
		};
		BB224ECD2D1943FB000805FA /* Debug */ = {
			isa = XCBuildConfiguration;
			buildSettings = {
				ASSETCATALOG_COMPILER_APPICON_NAME = AppIcon;
				ASSETCATALOG_COMPILER_GLOBAL_ACCENT_COLOR_NAME = AccentColor;
				CODE_SIGN_STYLE = Automatic;
				CURRENT_PROJECT_VERSION = 1;
				DEVELOPMENT_ASSET_PATHS = "\"ShesBetterResources/Preview Content\"";
				DEVELOPMENT_TEAM = 59X4M9ZSZU;
				ENABLE_PREVIEWS = YES;
				GENERATE_INFOPLIST_FILE = YES;
				INFOPLIST_KEY_LSApplicationCategoryType = "public.app-category.lifestyle";
				INFOPLIST_KEY_UIApplicationSceneManifest_Generation = YES;
				INFOPLIST_KEY_UIApplicationSupportsIndirectInputEvents = YES;
				INFOPLIST_KEY_UILaunchScreen_Generation = YES;
				INFOPLIST_KEY_UISupportedInterfaceOrientations_iPad = "UIInterfaceOrientationPortrait UIInterfaceOrientationPortraitUpsideDown UIInterfaceOrientationLandscapeLeft UIInterfaceOrientationLandscapeRight";
				INFOPLIST_KEY_UISupportedInterfaceOrientations_iPhone = "UIInterfaceOrientationPortrait UIInterfaceOrientationLandscapeLeft UIInterfaceOrientationLandscapeRight";
				LD_RUNPATH_SEARCH_PATHS = (
					"$(inherited)",
					"@executable_path/Frameworks",
				);
				MARKETING_VERSION = 1.0;
				PRODUCT_BUNDLE_IDENTIFIER = ac23185.ShesBetterResources;
				PRODUCT_NAME = "$(TARGET_NAME)";
				SWIFT_EMIT_LOC_STRINGS = YES;
				SWIFT_VERSION = 5.0;
				TARGETED_DEVICE_FAMILY = "1,2";
			};
			name = Debug;
		};
		BB224ECE2D1943FB000805FA /* Release */ = {
			isa = XCBuildConfiguration;
			buildSettings = {
				ASSETCATALOG_COMPILER_APPICON_NAME = AppIcon;
				ASSETCATALOG_COMPILER_GLOBAL_ACCENT_COLOR_NAME = AccentColor;
				CODE_SIGN_STYLE = Automatic;
				CURRENT_PROJECT_VERSION = 1;
				DEVELOPMENT_ASSET_PATHS = "\"ShesBetterResources/Preview Content\"";
				DEVELOPMENT_TEAM = 59X4M9ZSZU;
				ENABLE_PREVIEWS = YES;
				GENERATE_INFOPLIST_FILE = YES;
				INFOPLIST_KEY_LSApplicationCategoryType = "public.app-category.lifestyle";
				INFOPLIST_KEY_UIApplicationSceneManifest_Generation = YES;
				INFOPLIST_KEY_UIApplicationSupportsIndirectInputEvents = YES;
				INFOPLIST_KEY_UILaunchScreen_Generation = YES;
				INFOPLIST_KEY_UISupportedInterfaceOrientations_iPad = "UIInterfaceOrientationPortrait UIInterfaceOrientationPortraitUpsideDown UIInterfaceOrientationLandscapeLeft UIInterfaceOrientationLandscapeRight";
				INFOPLIST_KEY_UISupportedInterfaceOrientations_iPhone = "UIInterfaceOrientationPortrait UIInterfaceOrientationLandscapeLeft UIInterfaceOrientationLandscapeRight";
				LD_RUNPATH_SEARCH_PATHS = (
					"$(inherited)",
					"@executable_path/Frameworks",
				);
				MARKETING_VERSION = 1.0;
				PRODUCT_BUNDLE_IDENTIFIER = ac23185.ShesBetterResources;
				PRODUCT_NAME = "$(TARGET_NAME)";
				SWIFT_EMIT_LOC_STRINGS = YES;
				SWIFT_VERSION = 5.0;
				TARGETED_DEVICE_FAMILY = "1,2";
			};
			name = Release;
		};
		BB224ED02D1943FB000805FA /* Debug */ = {
			isa = XCBuildConfiguration;
			buildSettings = {
				BUNDLE_LOADER = "$(TEST_HOST)";
				CODE_SIGN_STYLE = Automatic;
				CURRENT_PROJECT_VERSION = 1;
				DEVELOPMENT_TEAM = 59X4M9ZSZU;
				GENERATE_INFOPLIST_FILE = YES;
				IPHONEOS_DEPLOYMENT_TARGET = 18.2;
				MARKETING_VERSION = 1.0;
				PRODUCT_BUNDLE_IDENTIFIER = ac23185.ShesBetterResourcesTests;
				PRODUCT_NAME = "$(TARGET_NAME)";
				SWIFT_EMIT_LOC_STRINGS = NO;
				SWIFT_VERSION = 5.0;
				TARGETED_DEVICE_FAMILY = "1,2";
				TEST_HOST = "$(BUILT_PRODUCTS_DIR)/ShesBetterResources.app/$(BUNDLE_EXECUTABLE_FOLDER_PATH)/ShesBetterResources";
			};
			name = Debug;
		};
		BB224ED12D1943FB000805FA /* Release */ = {
			isa = XCBuildConfiguration;
			buildSettings = {
				BUNDLE_LOADER = "$(TEST_HOST)";
				CODE_SIGN_STYLE = Automatic;
				CURRENT_PROJECT_VERSION = 1;
				DEVELOPMENT_TEAM = 59X4M9ZSZU;
				GENERATE_INFOPLIST_FILE = YES;
				IPHONEOS_DEPLOYMENT_TARGET = 18.2;
				MARKETING_VERSION = 1.0;
				PRODUCT_BUNDLE_IDENTIFIER = ac23185.ShesBetterResourcesTests;
				PRODUCT_NAME = "$(TARGET_NAME)";
				SWIFT_EMIT_LOC_STRINGS = NO;
				SWIFT_VERSION = 5.0;
				TARGETED_DEVICE_FAMILY = "1,2";
				TEST_HOST = "$(BUILT_PRODUCTS_DIR)/ShesBetterResources.app/$(BUNDLE_EXECUTABLE_FOLDER_PATH)/ShesBetterResources";
			};
			name = Release;
		};
		BB224ED32D1943FB000805FA /* Debug */ = {
			isa = XCBuildConfiguration;
			buildSettings = {
				CODE_SIGN_STYLE = Automatic;
				CURRENT_PROJECT_VERSION = 1;
				DEVELOPMENT_TEAM = 59X4M9ZSZU;
				GENERATE_INFOPLIST_FILE = YES;
				MARKETING_VERSION = 1.0;
				PRODUCT_BUNDLE_IDENTIFIER = ac23185.ShesBetterResourcesUITests;
				PRODUCT_NAME = "$(TARGET_NAME)";
				SWIFT_EMIT_LOC_STRINGS = NO;
				SWIFT_VERSION = 5.0;
				TARGETED_DEVICE_FAMILY = "1,2";
				TEST_TARGET_NAME = ShesBetterResources;
			};
			name = Debug;
		};
		BB224ED42D1943FB000805FA /* Release */ = {
			isa = XCBuildConfiguration;
			buildSettings = {
				CODE_SIGN_STYLE = Automatic;
				CURRENT_PROJECT_VERSION = 1;
				DEVELOPMENT_TEAM = 59X4M9ZSZU;
				GENERATE_INFOPLIST_FILE = YES;
				MARKETING_VERSION = 1.0;
				PRODUCT_BUNDLE_IDENTIFIER = ac23185.ShesBetterResourcesUITests;
				PRODUCT_NAME = "$(TARGET_NAME)";
				SWIFT_EMIT_LOC_STRINGS = NO;
				SWIFT_VERSION = 5.0;
				TARGETED_DEVICE_FAMILY = "1,2";
				TEST_TARGET_NAME = ShesBetterResources;
			};
			name = Release;
		};
/* End XCBuildConfiguration section */

/* Begin XCConfigurationList section */
		BB224EA32D1943F7000805FA /* Build configuration list for PBXProject "ShesBetterResources" */ = {
			isa = XCConfigurationList;
			buildConfigurations = (
				BB224ECA2D1943FB000805FA /* Debug */,
				BB224ECB2D1943FB000805FA /* Release */,
			);
			defaultConfigurationIsVisible = 0;
			defaultConfigurationName = Release;
		};
		BB224ECC2D1943FB000805FA /* Build configuration list for PBXNativeTarget "ShesBetterResources" */ = {
			isa = XCConfigurationList;
			buildConfigurations = (
				BB224ECD2D1943FB000805FA /* Debug */,
				BB224ECE2D1943FB000805FA /* Release */,
			);
			defaultConfigurationIsVisible = 0;
			defaultConfigurationName = Release;
		};
		BB224ECF2D1943FB000805FA /* Build configuration list for PBXNativeTarget "ShesBetterResourcesTests" */ = {
			isa = XCConfigurationList;
			buildConfigurations = (
				BB224ED02D1943FB000805FA /* Debug */,
				BB224ED12D1943FB000805FA /* Release */,
			);
			defaultConfigurationIsVisible = 0;
			defaultConfigurationName = Release;
		};
		BB224ED22D1943FB000805FA /* Build configuration list for PBXNativeTarget "ShesBetterResourcesUITests" */ = {
			isa = XCConfigurationList;
			buildConfigurations = (
				BB224ED32D1943FB000805FA /* Debug */,
				BB224ED42D1943FB000805FA /* Release */,
			);
			defaultConfigurationIsVisible = 0;
			defaultConfigurationName = Release;
		};
/* End XCConfigurationList section */

/* Begin XCRemoteSwiftPackageReference section */
		BB224ED52D194610000805FA /* XCRemoteSwiftPackageReference "firebase-ios-sdk" */ = {
			isa = XCRemoteSwiftPackageReference;
			repositoryURL = "https://github.com/firebase/firebase-ios-sdk";
			requirement = {
				kind = upToNextMajorVersion;
				minimumVersion = 11.6.0;
			};
		};
/* End XCRemoteSwiftPackageReference section */

/* Begin XCSwiftPackageProductDependency section */
		BB224ED62D194610000805FA /* FirebaseAnalytics */ = {
			isa = XCSwiftPackageProductDependency;
			package = BB224ED52D194610000805FA /* XCRemoteSwiftPackageReference "firebase-ios-sdk" */;
			productName = FirebaseAnalytics;
		};
		BB224ED82D194610000805FA /* FirebaseAnalyticsOnDeviceConversion */ = {
			isa = XCSwiftPackageProductDependency;
			package = BB224ED52D194610000805FA /* XCRemoteSwiftPackageReference "firebase-ios-sdk" */;
			productName = FirebaseAnalyticsOnDeviceConversion;
		};
		BB224EDA2D194610000805FA /* FirebaseAnalyticsWithoutAdIdSupport */ = {
			isa = XCSwiftPackageProductDependency;
			package = BB224ED52D194610000805FA /* XCRemoteSwiftPackageReference "firebase-ios-sdk" */;
			productName = FirebaseAnalyticsWithoutAdIdSupport;
		};
		BB224EDC2D194610000805FA /* FirebaseAppCheck */ = {
			isa = XCSwiftPackageProductDependency;
			package = BB224ED52D194610000805FA /* XCRemoteSwiftPackageReference "firebase-ios-sdk" */;
			productName = FirebaseAppCheck;
		};
		BB224EDE2D194610000805FA /* FirebaseAppDistribution-Beta */ = {
			isa = XCSwiftPackageProductDependency;
			package = BB224ED52D194610000805FA /* XCRemoteSwiftPackageReference "firebase-ios-sdk" */;
			productName = "FirebaseAppDistribution-Beta";
		};
		BB224EE02D194610000805FA /* FirebaseAuth */ = {
			isa = XCSwiftPackageProductDependency;
			package = BB224ED52D194610000805FA /* XCRemoteSwiftPackageReference "firebase-ios-sdk" */;
			productName = FirebaseAuth;
		};
		BB224EE22D194610000805FA /* FirebaseAuthCombine-Community */ = {
			isa = XCSwiftPackageProductDependency;
			package = BB224ED52D194610000805FA /* XCRemoteSwiftPackageReference "firebase-ios-sdk" */;
			productName = "FirebaseAuthCombine-Community";
		};
		BB224EE42D194610000805FA /* FirebaseCore */ = {
			isa = XCSwiftPackageProductDependency;
			package = BB224ED52D194610000805FA /* XCRemoteSwiftPackageReference "firebase-ios-sdk" */;
			productName = FirebaseCore;
		};
		BB224EE62D194610000805FA /* FirebaseCrashlytics */ = {
			isa = XCSwiftPackageProductDependency;
			package = BB224ED52D194610000805FA /* XCRemoteSwiftPackageReference "firebase-ios-sdk" */;
			productName = FirebaseCrashlytics;
		};
		BB224EE82D194610000805FA /* FirebaseDatabase */ = {
			isa = XCSwiftPackageProductDependency;
			package = BB224ED52D194610000805FA /* XCRemoteSwiftPackageReference "firebase-ios-sdk" */;
			productName = FirebaseDatabase;
		};
		BB224EEA2D194610000805FA /* FirebaseDynamicLinks */ = {
			isa = XCSwiftPackageProductDependency;
			package = BB224ED52D194610000805FA /* XCRemoteSwiftPackageReference "firebase-ios-sdk" */;
			productName = FirebaseDynamicLinks;
		};
		BB224EEC2D194610000805FA /* FirebaseFirestore */ = {
			isa = XCSwiftPackageProductDependency;
			package = BB224ED52D194610000805FA /* XCRemoteSwiftPackageReference "firebase-ios-sdk" */;
			productName = FirebaseFirestore;
		};
		BB224EEE2D194610000805FA /* FirebaseFirestoreCombine-Community */ = {
			isa = XCSwiftPackageProductDependency;
			package = BB224ED52D194610000805FA /* XCRemoteSwiftPackageReference "firebase-ios-sdk" */;
			productName = "FirebaseFirestoreCombine-Community";
		};
		BB224EF02D194610000805FA /* FirebaseFunctions */ = {
			isa = XCSwiftPackageProductDependency;
			package = BB224ED52D194610000805FA /* XCRemoteSwiftPackageReference "firebase-ios-sdk" */;
			productName = FirebaseFunctions;
		};
		BB224EF22D194610000805FA /* FirebaseFunctionsCombine-Community */ = {
			isa = XCSwiftPackageProductDependency;
			package = BB224ED52D194610000805FA /* XCRemoteSwiftPackageReference "firebase-ios-sdk" */;
			productName = "FirebaseFunctionsCombine-Community";
		};
		BB224EF42D194610000805FA /* FirebaseInAppMessaging-Beta */ = {
			isa = XCSwiftPackageProductDependency;
			package = BB224ED52D194610000805FA /* XCRemoteSwiftPackageReference "firebase-ios-sdk" */;
			productName = "FirebaseInAppMessaging-Beta";
		};
		BB224EF62D194610000805FA /* FirebaseInstallations */ = {
			isa = XCSwiftPackageProductDependency;
			package = BB224ED52D194610000805FA /* XCRemoteSwiftPackageReference "firebase-ios-sdk" */;
			productName = FirebaseInstallations;
		};
		BB224EF82D194610000805FA /* FirebaseMLModelDownloader */ = {
			isa = XCSwiftPackageProductDependency;
			package = BB224ED52D194610000805FA /* XCRemoteSwiftPackageReference "firebase-ios-sdk" */;
			productName = FirebaseMLModelDownloader;
		};
		BB224EFA2D194610000805FA /* FirebaseMessaging */ = {
			isa = XCSwiftPackageProductDependency;
			package = BB224ED52D194610000805FA /* XCRemoteSwiftPackageReference "firebase-ios-sdk" */;
			productName = FirebaseMessaging;
		};
		BB224EFC2D194610000805FA /* FirebasePerformance */ = {
			isa = XCSwiftPackageProductDependency;
			package = BB224ED52D194610000805FA /* XCRemoteSwiftPackageReference "firebase-ios-sdk" */;
			productName = FirebasePerformance;
		};
		BB224EFE2D194610000805FA /* FirebaseRemoteConfig */ = {
			isa = XCSwiftPackageProductDependency;
			package = BB224ED52D194610000805FA /* XCRemoteSwiftPackageReference "firebase-ios-sdk" */;
			productName = FirebaseRemoteConfig;
		};
		BB224F002D194610000805FA /* FirebaseStorage */ = {
			isa = XCSwiftPackageProductDependency;
			package = BB224ED52D194610000805FA /* XCRemoteSwiftPackageReference "firebase-ios-sdk" */;
			productName = FirebaseStorage;
		};
		BB224F022D194610000805FA /* FirebaseStorageCombine-Community */ = {
			isa = XCSwiftPackageProductDependency;
			package = BB224ED52D194610000805FA /* XCRemoteSwiftPackageReference "firebase-ios-sdk" */;
			productName = "FirebaseStorageCombine-Community";
		};
		BB224F042D194610000805FA /* FirebaseVertexAI */ = {
			isa = XCSwiftPackageProductDependency;
			package = BB224ED52D194610000805FA /* XCRemoteSwiftPackageReference "firebase-ios-sdk" */;
			productName = FirebaseVertexAI;
		};
		BB224F082D19469B000805FA /* FirebaseAnalytics */ = {
			isa = XCSwiftPackageProductDependency;
			package = BB224ED52D194610000805FA /* XCRemoteSwiftPackageReference "firebase-ios-sdk" */;
			productName = FirebaseAnalytics;
		};
		BB224F0A2D19469B000805FA /* FirebaseAnalyticsOnDeviceConversion */ = {
			isa = XCSwiftPackageProductDependency;
			package = BB224ED52D194610000805FA /* XCRemoteSwiftPackageReference "firebase-ios-sdk" */;
			productName = FirebaseAnalyticsOnDeviceConversion;
		};
		BB224F0C2D19469B000805FA /* FirebaseAnalyticsWithoutAdIdSupport */ = {
			isa = XCSwiftPackageProductDependency;
			package = BB224ED52D194610000805FA /* XCRemoteSwiftPackageReference "firebase-ios-sdk" */;
			productName = FirebaseAnalyticsWithoutAdIdSupport;
		};
		BB224F0E2D19469B000805FA /* FirebaseAppCheck */ = {
			isa = XCSwiftPackageProductDependency;
			package = BB224ED52D194610000805FA /* XCRemoteSwiftPackageReference "firebase-ios-sdk" */;
			productName = FirebaseAppCheck;
		};
		BB224F102D19469B000805FA /* FirebaseAppDistribution-Beta */ = {
			isa = XCSwiftPackageProductDependency;
			package = BB224ED52D194610000805FA /* XCRemoteSwiftPackageReference "firebase-ios-sdk" */;
			productName = "FirebaseAppDistribution-Beta";
		};
		BB224F122D19469B000805FA /* FirebaseAuth */ = {
			isa = XCSwiftPackageProductDependency;
			package = BB224ED52D194610000805FA /* XCRemoteSwiftPackageReference "firebase-ios-sdk" */;
			productName = FirebaseAuth;
		};
		BB224F142D19469B000805FA /* FirebaseAuthCombine-Community */ = {
			isa = XCSwiftPackageProductDependency;
			package = BB224ED52D194610000805FA /* XCRemoteSwiftPackageReference "firebase-ios-sdk" */;
			productName = "FirebaseAuthCombine-Community";
		};
		BB224F162D19469B000805FA /* FirebaseCore */ = {
			isa = XCSwiftPackageProductDependency;
			package = BB224ED52D194610000805FA /* XCRemoteSwiftPackageReference "firebase-ios-sdk" */;
			productName = FirebaseCore;
		};
		BB224F182D19469B000805FA /* FirebaseCrashlytics */ = {
			isa = XCSwiftPackageProductDependency;
			package = BB224ED52D194610000805FA /* XCRemoteSwiftPackageReference "firebase-ios-sdk" */;
			productName = FirebaseCrashlytics;
		};
		BB224F1A2D19469B000805FA /* FirebaseDatabase */ = {
			isa = XCSwiftPackageProductDependency;
			package = BB224ED52D194610000805FA /* XCRemoteSwiftPackageReference "firebase-ios-sdk" */;
			productName = FirebaseDatabase;
		};
		BB224F1C2D19469B000805FA /* FirebaseDynamicLinks */ = {
			isa = XCSwiftPackageProductDependency;
			package = BB224ED52D194610000805FA /* XCRemoteSwiftPackageReference "firebase-ios-sdk" */;
			productName = FirebaseDynamicLinks;
		};
		BB224F1E2D19469B000805FA /* FirebaseFirestore */ = {
			isa = XCSwiftPackageProductDependency;
			package = BB224ED52D194610000805FA /* XCRemoteSwiftPackageReference "firebase-ios-sdk" */;
			productName = FirebaseFirestore;
		};
		BB224F202D19469B000805FA /* FirebaseFirestoreCombine-Community */ = {
			isa = XCSwiftPackageProductDependency;
			package = BB224ED52D194610000805FA /* XCRemoteSwiftPackageReference "firebase-ios-sdk" */;
			productName = "FirebaseFirestoreCombine-Community";
		};
		BB224F222D19469B000805FA /* FirebaseFunctions */ = {
			isa = XCSwiftPackageProductDependency;
			package = BB224ED52D194610000805FA /* XCRemoteSwiftPackageReference "firebase-ios-sdk" */;
			productName = FirebaseFunctions;
		};
		BB224F242D19469B000805FA /* FirebaseFunctionsCombine-Community */ = {
			isa = XCSwiftPackageProductDependency;
			package = BB224ED52D194610000805FA /* XCRemoteSwiftPackageReference "firebase-ios-sdk" */;
			productName = "FirebaseFunctionsCombine-Community";
		};
		BB224F262D19469B000805FA /* FirebaseInAppMessaging-Beta */ = {
			isa = XCSwiftPackageProductDependency;
			package = BB224ED52D194610000805FA /* XCRemoteSwiftPackageReference "firebase-ios-sdk" */;
			productName = "FirebaseInAppMessaging-Beta";
		};
		BB224F282D19469B000805FA /* FirebaseInstallations */ = {
			isa = XCSwiftPackageProductDependency;
			package = BB224ED52D194610000805FA /* XCRemoteSwiftPackageReference "firebase-ios-sdk" */;
			productName = FirebaseInstallations;
		};
		BB224F2A2D19469B000805FA /* FirebaseMLModelDownloader */ = {
			isa = XCSwiftPackageProductDependency;
			package = BB224ED52D194610000805FA /* XCRemoteSwiftPackageReference "firebase-ios-sdk" */;
			productName = FirebaseMLModelDownloader;
		};
		BB224F2C2D19469B000805FA /* FirebaseMessaging */ = {
			isa = XCSwiftPackageProductDependency;
			package = BB224ED52D194610000805FA /* XCRemoteSwiftPackageReference "firebase-ios-sdk" */;
			productName = FirebaseMessaging;
		};
		BB224F2E2D19469B000805FA /* FirebasePerformance */ = {
			isa = XCSwiftPackageProductDependency;
			package = BB224ED52D194610000805FA /* XCRemoteSwiftPackageReference "firebase-ios-sdk" */;
			productName = FirebasePerformance;
		};
		BB224F302D19469B000805FA /* FirebaseRemoteConfig */ = {
			isa = XCSwiftPackageProductDependency;
			package = BB224ED52D194610000805FA /* XCRemoteSwiftPackageReference "firebase-ios-sdk" */;
			productName = FirebaseRemoteConfig;
		};
		BB224F322D19469B000805FA /* FirebaseStorage */ = {
			isa = XCSwiftPackageProductDependency;
			package = BB224ED52D194610000805FA /* XCRemoteSwiftPackageReference "firebase-ios-sdk" */;
			productName = FirebaseStorage;
		};
		BB224F342D19469B000805FA /* FirebaseStorageCombine-Community */ = {
			isa = XCSwiftPackageProductDependency;
			package = BB224ED52D194610000805FA /* XCRemoteSwiftPackageReference "firebase-ios-sdk" */;
			productName = "FirebaseStorageCombine-Community";
		};
		BB224F362D19469B000805FA /* FirebaseVertexAI */ = {
			isa = XCSwiftPackageProductDependency;
			package = BB224ED52D194610000805FA /* XCRemoteSwiftPackageReference "firebase-ios-sdk" */;
			productName = FirebaseVertexAI;
		};
/* End XCSwiftPackageProductDependency section */
	};
	rootObject = BB224EA02D1943F7000805FA /* Project object */;
}
